{
  "name": "custom-commit-tagger",
  "version": "1.0.0",
  "lockfileVersion": 3,
  "requires": true,
  "packages": {
    "": {
      "name": "custom-commit-tagger",
      "version": "1.0.0",
      "dependencies": {
        "custom-commit-tagger": "^1.0.0"
      },
      "bin": {
        "git-search-commits": "bin/git-search-commits.js",
        "git-tag-commit": "bin/git-tag-commit.js"
      }
    },
    "node_modules/custom-commit-tagger": {
      "version": "1.0.0",
      "resolved": "https://registry.npmjs.org/custom-commit-tagger/-/custom-commit-tagger-1.0.0.tgz",
      "integrity": "sha512-uvKSeANDfPCNMGSk1toXamHubbKbm6++iefWpRizjES3J3g99zi8Qdf8ozfAT1stkhXSbp1T00SYZijekfXQcw==",
      "bin": {
        "git-search-commits": "bin/git-search-commits.js",
        "git-tag-commit": "bin/git-tag-commit.js"
      }
    }
  }
}
